
Microsoft Visual Studio Solution File, Format Version 12.00
# Visual Studio Version 17
VisualStudioVersion = 17.9.34607.119
MinimumVisualStudioVersion = 10.0.40219.1
Project("{FAE04EC0-301F-11D3-BF4B-00C04F79EFBC}") = "Console_EmployeeManagement", "Console_EmployeeManagement.csproj", "{FC330C27-1299-40AE-A391-81A3212E79BE}"
EndProject
Global
	GlobalSection(SolutionConfigurationPlatforms) = preSolution
		Debug|Any CPU = Debug|Any CPU
		Release|Any CPU = Release|Any CPU
	EndGlobalSection
	GlobalSection(ProjectConfigurationPlatforms) = postSolution
		{FC330C27-1299-40AE-A391-81A3212E79BE}.Debug|Any CPU.ActiveCfg = Debug|Any CPU
		{FC330C27-1299-40AE-A391-81A3212E79BE}.Debug|Any CPU.Build.0 = Debug|Any CPU
		{FC330C27-1299-40AE-A391-81A3212E79BE}.Release|Any CPU.ActiveCfg = Release|Any CPU
		{FC330C27-1299-40AE-A391-81A3212E79BE}.Release|Any CPU.Build.0 = Release|Any CPU
	EndGlobalSection
	GlobalSection(SolutionProperties) = preSolution
		HideSolutionNode = FALSE
	EndGlobalSection
	GlobalSection(ExtensibilityGlobals) = postSolution
		SolutionGuid = {5D7FD96E-BD4B-40ED-97FA-FC6B07295DDC}
	EndGlobalSection
EndGlobal
